# THIS IS AN AUTOGENERATED FILE. DO NOT EDIT THIS FILE DIRECTLY.
# yarn lockfile v1


es6-promise@^4.2.8:
  version "4.2.8"
  resolved "https://registry.npm.taobao.org/es6-promise/download/es6-promise-4.2.8.tgz#4eb21594c972bc40553d276e510539143db53e0a"
  integrity sha1-TrIVlMlyvEBVPSduUQU5FD21Pgo=

flv.js@^1.6.2:
  version "1.6.2"
  resolved "https://registry.nlark.com/flv.js/download/flv.js-1.6.2.tgz#fa3340fe3f7ee01d3977f7876aee66b8436e5922"
  integrity sha1-+jNA/j9+4B05d/eHau5muENuWSI=
  dependencies:
    es6-promise "^4.2.8"
    webworkify-webpack "^2.1.5"

webworkify-webpack@^2.1.5:
  version "2.1.5"
  resolved "https://registry.npm.taobao.org/webworkify-webpack/download/webworkify-webpack-2.1.5.tgz#bf4336624c0626cbe85cf1ffde157f7aa90b1d1c"
  integrity sha1-v0M2YkwGJsvoXPH/3hV/eqkLHRw=
